
Microsoft Visual Studio Solution File, Format Version 12.00
# Visual Studio Version 17
VisualStudioVersion = 17.5.002.0
MinimumVisualStudioVersion = 10.0.40219.1
Project("{9A19103F-16F7-4668-BE54-9A1E7A4F7556}") = "Expression", "Expression.csproj", "{F7D12F31-4F7C-40D8-8A92-143B110A3E76}"
EndProject
Global
	GlobalSection(SolutionConfigurationPlatforms) = preSolution
		Debug|Any CPU = Debug|Any CPU
		Release|Any CPU = Release|Any CPU
	EndGlobalSection
	GlobalSection(ProjectConfigurationPlatforms) = postSolution
		{F7D12F31-4F7C-40D8-8A92-143B110A3E76}.Debug|Any CPU.ActiveCfg = Debug|Any CPU
		{F7D12F31-4F7C-40D8-8A92-143B110A3E76}.Debug|Any CPU.Build.0 = Debug|Any CPU
		{F7D12F31-4F7C-40D8-8A92-143B110A3E76}.Release|Any CPU.ActiveCfg = Release|Any CPU
		{F7D12F31-4F7C-40D8-8A92-143B110A3E76}.Release|Any CPU.Build.0 = Release|Any CPU
	EndGlobalSection
	GlobalSection(SolutionProperties) = preSolution
		HideSolutionNode = FALSE
	EndGlobalSection
	GlobalSection(ExtensibilityGlobals) = postSolution
		SolutionGuid = {DFCE4AE6-BF23-48D2-9454-D5F4A75F19C8}
	EndGlobalSection
EndGlobal
