
Microsoft Visual Studio Solution File, Format Version 12.00
# Visual Studio Version 17
VisualStudioVersion = 17.5.002.0
MinimumVisualStudioVersion = 10.0.40219.1
Project("{9A19103F-16F7-4668-BE54-9A1E7A4F7556}") = "Final", "Final\Final.csproj", "{E40878DD-EBD2-4BE7-9D47-14EB6EAD8282}"
EndProject
Project("{9A19103F-16F7-4668-BE54-9A1E7A4F7556}") = "Starter", "Starter\Starter.csproj", "{10215F69-7439-4E04-88E3-DEF1C179E7FB}"
EndProject
Global
	GlobalSection(SolutionConfigurationPlatforms) = preSolution
		Debug|Any CPU = Debug|Any CPU
		Release|Any CPU = Release|Any CPU
	EndGlobalSection
	GlobalSection(ProjectConfigurationPlatforms) = postSolution
		{E40878DD-EBD2-4BE7-9D47-14EB6EAD8282}.Debug|Any CPU.ActiveCfg = Debug|Any CPU
		{E40878DD-EBD2-4BE7-9D47-14EB6EAD8282}.Debug|Any CPU.Build.0 = Debug|Any CPU
		{E40878DD-EBD2-4BE7-9D47-14EB6EAD8282}.Release|Any CPU.ActiveCfg = Release|Any CPU
		{E40878DD-EBD2-4BE7-9D47-14EB6EAD8282}.Release|Any CPU.Build.0 = Release|Any CPU
		{10215F69-7439-4E04-88E3-DEF1C179E7FB}.Debug|Any CPU.ActiveCfg = Debug|Any CPU
		{10215F69-7439-4E04-88E3-DEF1C179E7FB}.Debug|Any CPU.Build.0 = Debug|Any CPU
		{10215F69-7439-4E04-88E3-DEF1C179E7FB}.Release|Any CPU.ActiveCfg = Release|Any CPU
		{10215F69-7439-4E04-88E3-DEF1C179E7FB}.Release|Any CPU.Build.0 = Release|Any CPU
	EndGlobalSection
	GlobalSection(SolutionProperties) = preSolution
		HideSolutionNode = FALSE
	EndGlobalSection
	GlobalSection(ExtensibilityGlobals) = postSolution
		SolutionGuid = {DCF60E35-6DE4-490D-AF6E-AC2A1FD7FEBA}
	EndGlobalSection
EndGlobal
